# Generated by buf. DO NOT EDIT.
version: v2
deps:
  - name: buf.build/bufbuild/protovalidate
    commit: 80ab13bee0bf4272b6161a72bf7034e0
    digest: b5:1aa6a965be5d02d64e1d81954fa2e78ef9d1e33a0c30f92bc2626039006a94deb3a5b05f14ed8893f5c3ffce444ac008f7e968188ad225c4c29c813aa5f2daa1
  - name: buf.build/sebmelki/sebuf
    commit: 6dc010ce139a4000bb3b7be840ea4533
    digest: b5:4e9d6c580c008c031617e9ed88e47df34bb0b0ac8155e9c5ce77073dceed2ef77c36dc6f9cc7da04aad63a452b9b9331969ea09fdc5fcb4e7aa156c4f73251d6
